
Microsoft Visual Studio Solution File, Format Version 12.00
# Visual Studio 15
VisualStudioVersion = 15.0.28307.421
MinimumVisualStudioVersion = 10.0.40219.1
Project("{8BC9CEB8-8B4A-11D0-8D11-00A0C91BC942}") = "httpheaders_test", "httpheaders_test\httpheaders_test.vcxproj", "{ED2368AA-E132-4E68-96E0-90ED854D92BA}"
EndProject
Global
	GlobalSection(SolutionConfigurationPlatforms) = preSolution
		Debug|x64 = Debug|x64
		Debug|x86 = Debug|x86
		Release|x64 = Release|x64
		Release|x86 = Release|x86
	EndGlobalSection
	GlobalSection(ProjectConfigurationPlatforms) = postSolution
		{ED2368AA-E132-4E68-96E0-90ED854D92BA}.Debug|x64.ActiveCfg = Debug|x64
		{ED2368AA-E132-4E68-96E0-90ED854D92BA}.Debug|x64.Build.0 = Debug|x64
		{ED2368AA-E132-4E68-96E0-90ED854D92BA}.Debug|x86.ActiveCfg = Debug|Win32
		{ED2368AA-E132-4E68-96E0-90ED854D92BA}.Debug|x86.Build.0 = Debug|Win32
		{ED2368AA-E132-4E68-96E0-90ED854D92BA}.Release|x64.ActiveCfg = Release|x64
		{ED2368AA-E132-4E68-96E0-90ED854D92BA}.Release|x64.Build.0 = Release|x64
		{ED2368AA-E132-4E68-96E0-90ED854D92BA}.Release|x86.ActiveCfg = Release|Win32
		{ED2368AA-E132-4E68-96E0-90ED854D92BA}.Release|x86.Build.0 = Release|Win32
	EndGlobalSection
	GlobalSection(SolutionProperties) = preSolution
		HideSolutionNode = FALSE
	EndGlobalSection
	GlobalSection(ExtensibilityGlobals) = postSolution
		SolutionGuid = {E0255543-D7B2-4A3F-B4A9-B9CA946A337B}
	EndGlobalSection
EndGlobal
