
Microsoft Visual Studio Solution File, Format Version 12.00
# Visual Studio 15
VisualStudioVersion = 15.0.28307.421
MinimumVisualStudioVersion = 10.0.40219.1
Project("{8BC9CEB8-8B4A-11D0-8D11-00A0C91BC942}") = "baselib_test", "baselib_test\baselib_test.vcxproj", "{0B87B64D-5182-40F9-BD1A-EDB034D12585}"
EndProject
Global
	GlobalSection(SolutionConfigurationPlatforms) = preSolution
		Debug|x64 = Debug|x64
		Debug|x86 = Debug|x86
		Release|x64 = Release|x64
		Release|x86 = Release|x86
	EndGlobalSection
	GlobalSection(ProjectConfigurationPlatforms) = postSolution
		{0B87B64D-5182-40F9-BD1A-EDB034D12585}.Debug|x64.ActiveCfg = Debug|x64
		{0B87B64D-5182-40F9-BD1A-EDB034D12585}.Debug|x64.Build.0 = Debug|x64
		{0B87B64D-5182-40F9-BD1A-EDB034D12585}.Debug|x86.ActiveCfg = Debug|Win32
		{0B87B64D-5182-40F9-BD1A-EDB034D12585}.Debug|x86.Build.0 = Debug|Win32
		{0B87B64D-5182-40F9-BD1A-EDB034D12585}.Release|x64.ActiveCfg = Release|x64
		{0B87B64D-5182-40F9-BD1A-EDB034D12585}.Release|x64.Build.0 = Release|x64
		{0B87B64D-5182-40F9-BD1A-EDB034D12585}.Release|x86.ActiveCfg = Release|Win32
		{0B87B64D-5182-40F9-BD1A-EDB034D12585}.Release|x86.Build.0 = Release|Win32
	EndGlobalSection
	GlobalSection(SolutionProperties) = preSolution
		HideSolutionNode = FALSE
	EndGlobalSection
	GlobalSection(ExtensibilityGlobals) = postSolution
		SolutionGuid = {A0B98F6C-BA76-4605-B86A-AAB3A38175A8}
	EndGlobalSection
EndGlobal
