
Microsoft Visual Studio Solution File, Format Version 12.00
# Visual Studio 15
VisualStudioVersion = 15.0.28307.421
MinimumVisualStudioVersion = 10.0.40219.1
Project("{8BC9CEB8-8B4A-11D0-8D11-00A0C91BC942}") = "webframe_test", "webframe_test\webframe_test.vcxproj", "{DE7715EA-3411-4AD5-AE56-0D58618C8355}"
EndProject
Global
	GlobalSection(SolutionConfigurationPlatforms) = preSolution
		Debug|x64 = Debug|x64
		Debug|x86 = Debug|x86
		Release|x64 = Release|x64
		Release|x86 = Release|x86
	EndGlobalSection
	GlobalSection(ProjectConfigurationPlatforms) = postSolution
		{DE7715EA-3411-4AD5-AE56-0D58618C8355}.Debug|x64.ActiveCfg = Debug|x64
		{DE7715EA-3411-4AD5-AE56-0D58618C8355}.Debug|x64.Build.0 = Debug|x64
		{DE7715EA-3411-4AD5-AE56-0D58618C8355}.Debug|x86.ActiveCfg = Debug|Win32
		{DE7715EA-3411-4AD5-AE56-0D58618C8355}.Debug|x86.Build.0 = Debug|Win32
		{DE7715EA-3411-4AD5-AE56-0D58618C8355}.Release|x64.ActiveCfg = Release|x64
		{DE7715EA-3411-4AD5-AE56-0D58618C8355}.Release|x64.Build.0 = Release|x64
		{DE7715EA-3411-4AD5-AE56-0D58618C8355}.Release|x86.ActiveCfg = Debug|Win32
		{DE7715EA-3411-4AD5-AE56-0D58618C8355}.Release|x86.Build.0 = Debug|Win32
	EndGlobalSection
	GlobalSection(SolutionProperties) = preSolution
		HideSolutionNode = FALSE
	EndGlobalSection
	GlobalSection(ExtensibilityGlobals) = postSolution
		SolutionGuid = {24BF34CC-AD5E-490D-B075-82ED412C35B5}
	EndGlobalSection
EndGlobal
